
Microsoft Visual Studio Solution File, Format Version 12.00
# Visual Studio 15
VisualStudioVersion = 15.0.28307.1231
MinimumVisualStudioVersion = 10.0.40219.1
Project("{8BC9CEB8-8B4A-11D0-8D11-00A0C91BC942}") = "laba7", "laba7\laba7.vcxproj", "{B32519A6-C29D-49A8-966D-41A8AF1B0F69}"
EndProject
Global
	GlobalSection(SolutionConfigurationPlatforms) = preSolution
		Debug|x64 = Debug|x64
		Debug|x86 = Debug|x86
		Release|x64 = Release|x64
		Release|x86 = Release|x86
	EndGlobalSection
	GlobalSection(ProjectConfigurationPlatforms) = postSolution
		{B32519A6-C29D-49A8-966D-41A8AF1B0F69}.Debug|x64.ActiveCfg = Debug|x64
		{B32519A6-C29D-49A8-966D-41A8AF1B0F69}.Debug|x64.Build.0 = Debug|x64
		{B32519A6-C29D-49A8-966D-41A8AF1B0F69}.Debug|x86.ActiveCfg = Debug|Win32
		{B32519A6-C29D-49A8-966D-41A8AF1B0F69}.Debug|x86.Build.0 = Debug|Win32
		{B32519A6-C29D-49A8-966D-41A8AF1B0F69}.Release|x64.ActiveCfg = Release|x64
		{B32519A6-C29D-49A8-966D-41A8AF1B0F69}.Release|x64.Build.0 = Release|x64
		{B32519A6-C29D-49A8-966D-41A8AF1B0F69}.Release|x86.ActiveCfg = Release|Win32
		{B32519A6-C29D-49A8-966D-41A8AF1B0F69}.Release|x86.Build.0 = Release|Win32
	EndGlobalSection
	GlobalSection(SolutionProperties) = preSolution
		HideSolutionNode = FALSE
	EndGlobalSection
	GlobalSection(ExtensibilityGlobals) = postSolution
		SolutionGuid = {1D67F1EC-5E23-492B-981E-302B462FD581}
	EndGlobalSection
EndGlobal
